{
  "version": 4,
  "terraform_version": "1.5.2",
  "serial": 267,
  "lineage": "5666a115-8fa4-3339-3aba-a878ed67d721",
  "outputs": {
    "vm-external-ip": {
      "value": "158.160.126.153",
      "type": "string"
    }
  },
  "resources": [
    {
      "mode": "data",
      "type": "yandex_compute_image",
      "name": "ubuntu",
      "provider": "provider[\"registry.terraform.io/yandex-cloud/yandex\"]",
      "instances": [
        {
          "schema_version": 0,
          "attributes": {
            "created_at": "2023-10-23T10:53:14Z",
            "description": "ubuntu 22.04 lts",
            "family": "ubuntu-2204-lts",
            "folder_id": "standard-images",
            "id": "fd8tgblovu5dklvrp29h",
            "image_id": "fd8tgblovu5dklvrp29h",
            "labels": {},
            "min_disk_size": 8,
            "name": "ubuntu-22-04-lts-v20231023",
            "os_type": "linux",
            "pooled": true,
            "product_ids": [
              "f2erpjj2jno6neubumva"
            ],
            "size": 7,
            "status": "ready"
          },
          "sensitive_attributes": []
        }
      ]
    },
    {
      "mode": "managed",
      "type": "local_file",
      "name": "hosts",
      "provider": "provider[\"registry.terraform.io/hashicorp/local\"]",
      "instances": [
        {
          "schema_version": 0,
          "attributes": {
            "content": "[hosts]\nmain.server-kube ansible_host=158.160.126.153\n",
            "content_base64": null,
            "content_base64sha256": "/afAq2NXGZ9yOCt4ex1viiyVy4K/H+X2tSVc6LI1Qf0=",
            "content_base64sha512": "Ac8yr3DhLqLpg3iYAEUPTi/yyJNgRvArmeCJUmFTkUwrePtpYV8os01e82fIZla2sPcQWVg9oNrPNmobJe20Ng==",
            "content_md5": "eb961501e0a5edb1b49909120bdb2fe2",
            "content_sha1": "315f77599c374f9acdf343af305331de5fa9d27c",
            "content_sha256": "fda7c0ab6357199f72382b787b1d6f8a2c95cb82bf1fe5f6b5255ce8b23541fd",
            "content_sha512": "01cf32af70e12ea2e983789800450f4e2ff2c8936046f02b99e089526153914c2b78fb69615f28b34d5ef367c86656b6b0f71059583da0dacf366a1b25edb436",
            "directory_permission": "0777",
            "file_permission": "0777",
            "filename": "../inventory/hosts.txt",
            "id": "315f77599c374f9acdf343af305331de5fa9d27c",
            "sensitive_content": null,
            "source": null
          },
          "sensitive_attributes": [],
          "dependencies": [
            "data.yandex_compute_image.ubuntu",
            "yandex_compute_instance.ubuntu",
            "yandex_vpc_network.bonanzza-net",
            "yandex_vpc_subnet.bonanzza-subnet"
          ]
        }
      ]
    },
    {
      "mode": "managed",
      "type": "null_resource",
      "name": "cluster",
      "provider": "provider[\"registry.terraform.io/hashicorp/null\"]",
      "instances": [
        {
          "schema_version": 0,
          "attributes": {
            "id": "4435800869169222647",
            "triggers": null
          },
          "sensitive_attributes": [],
          "dependencies": [
            "data.yandex_compute_image.ubuntu",
            "local_file.hosts",
            "null_resource.wait",
            "yandex_compute_instance.ubuntu",
            "yandex_vpc_network.bonanzza-net",
            "yandex_vpc_subnet.bonanzza-subnet"
          ]
        }
      ]
    },
    {
      "mode": "managed",
      "type": "null_resource",
      "name": "wait",
      "provider": "provider[\"registry.terraform.io/hashicorp/null\"]",
      "instances": [
        {
          "schema_version": 0,
          "attributes": {
            "id": "4792875319078115760",
            "triggers": null
          },
          "sensitive_attributes": [],
          "dependencies": [
            "data.yandex_compute_image.ubuntu",
            "local_file.hosts",
            "yandex_compute_instance.ubuntu",
            "yandex_vpc_network.bonanzza-net",
            "yandex_vpc_subnet.bonanzza-subnet"
          ]
        }
      ]
    },
    {
      "mode": "managed",
      "type": "yandex_compute_instance",
      "name": "ubuntu",
      "provider": "provider[\"registry.terraform.io/yandex-cloud/yandex\"]",
      "instances": [
        {
          "schema_version": 1,
          "attributes": {
            "allow_recreate": null,
            "allow_stopping_for_update": null,
            "boot_disk": [
              {
                "auto_delete": true,
                "device_name": "fhmpvbgteggfn3dsapfb",
                "disk_id": "fhmpvbgteggfn3dsapfb",
                "initialize_params": [
                  {
                    "block_size": 4096,
                    "description": "",
                    "image_id": "fd8tgblovu5dklvrp29h",
                    "name": "",
                    "size": 20,
                    "snapshot_id": "",
                    "type": "network-hdd"
                  }
                ],
                "mode": "READ_WRITE"
              }
            ],
            "created_at": "2023-10-27T09:02:30Z",
            "description": "",
            "filesystem": [],
            "folder_id": "b1gch5k5t1moacc510m8",
            "fqdn": "server-kube.ru-central1.internal",
            "gpu_cluster_id": "",
            "hostname": "server-kube",
            "id": "fhmveq53mi4o54qm6nfl",
            "labels": null,
            "local_disk": [],
            "metadata": {
              "serial-port-enable": "true",
              "ssh-keys": "ubuntu:ssh-rsa AAAAB3NzaC1yc2EAAAADAQABAAABgQCItJLb5qwQUqvqwg/hE8byYaCCdueJzHx3JtZumSl1V4Z/jqAw+wuCNgw2IQxVW+3baUls/YWCi7yjQnG6cJh5BV+5wb7RRaA+06dembjfcMpMMvmHj/nRcdantFn/aiE5JhrxP+k81AQ/diN/xg2lKKtldfjDkouwMWvJZrNcjRKX+fTTYkOBzYnVPwx2pPPRKW/3d7NiMCSwecra5cm3rEHzArYl+ffsimiUdpHztjqjaiLimPsUgrEUOx3URijSZ82Op1a1hnVggWg1/IJEcN0vzUdOCKagjbr+NnBKYbdF9NXpPxTU3+DL0lFrxFkuPGn6lvo16ZWfMFHEnqLJfIHr/X3uCqFT4f+eH7xxhBlVYNrqGU7FKD+Nz+32JzfYWJQsxB3kXWVr+2vj/A7mwalh6zTk7AgGZDn44cvmf4S+llMLpWryg/YvrQRcY6sYMfpdaw6W2M9mslsi6BhtqrQSSuhROP6tGb70yZuQR/U7Gss0VcJxTxLNSqBthys= bonanzza@debian\n"
            },
            "metadata_options": [
              {
                "aws_v1_http_endpoint": 1,
                "aws_v1_http_token": 2,
                "gce_http_endpoint": 1,
                "gce_http_token": 1
              }
            ],
            "name": "ubuntu",
            "network_acceleration_type": "standard",
            "network_interface": [
              {
                "dns_record": [],
                "index": 0,
                "ip_address": "10.0.3.25",
                "ipv4": true,
                "ipv6": false,
                "ipv6_address": "",
                "ipv6_dns_record": [],
                "mac_address": "d0:0d:1f:76:8a:3b",
                "nat": true,
                "nat_dns_record": [],
                "nat_ip_address": "158.160.126.153",
                "nat_ip_version": "IPV4",
                "security_group_ids": [],
                "subnet_id": "e9bpg72fm7g7b7vj7il6"
              }
            ],
            "placement_policy": [
              {
                "host_affinity_rules": [],
                "placement_group_id": ""
              }
            ],
            "platform_id": "standard-v1",
            "resources": [
              {
                "core_fraction": 5,
                "cores": 2,
                "gpus": 0,
                "memory": 2
              }
            ],
            "scheduling_policy": [
              {
                "preemptible": false
              }
            ],
            "secondary_disk": [],
            "service_account_id": "",
            "status": "running",
            "timeouts": null,
            "zone": "ru-central1-a"
          },
          "sensitive_attributes": [],
          "private": "eyJlMmJmYjczMC1lY2FhLTExZTYtOGY4OC0zNDM2M2JjN2M0YzAiOnsiY3JlYXRlIjozMDAwMDAwMDAwMDAsImRlbGV0ZSI6MzAwMDAwMDAwMDAwLCJ1cGRhdGUiOjMwMDAwMDAwMDAwMH0sInNjaGVtYV92ZXJzaW9uIjoiMSJ9",
          "dependencies": [
            "data.yandex_compute_image.ubuntu",
            "yandex_vpc_network.bonanzza-net",
            "yandex_vpc_subnet.bonanzza-subnet"
          ]
        }
      ]
    },
    {
      "mode": "managed",
      "type": "yandex_vpc_network",
      "name": "bonanzza-net",
      "provider": "provider[\"registry.terraform.io/yandex-cloud/yandex\"]",
      "instances": [
        {
          "schema_version": 0,
          "attributes": {
            "created_at": "2023-10-27T09:02:26Z",
            "default_security_group_id": "enp6ie4sr43257ivqo8f",
            "description": "",
            "folder_id": "b1gch5k5t1moacc510m8",
            "id": "enpigsbev5i9m9m22s5p",
            "labels": {},
            "name": "bonanzza-net",
            "subnet_ids": [],
            "timeouts": null
          },
          "sensitive_attributes": [],
          "private": "eyJlMmJmYjczMC1lY2FhLTExZTYtOGY4OC0zNDM2M2JjN2M0YzAiOnsiY3JlYXRlIjo2MDAwMDAwMDAwMCwiZGVsZXRlIjo2MDAwMDAwMDAwMCwidXBkYXRlIjo2MDAwMDAwMDAwMH19"
        }
      ]
    },
    {
      "mode": "managed",
      "type": "yandex_vpc_subnet",
      "name": "bonanzza-subnet",
      "provider": "provider[\"registry.terraform.io/yandex-cloud/yandex\"]",
      "instances": [
        {
          "schema_version": 0,
          "attributes": {
            "created_at": "2023-10-27T09:02:29Z",
            "description": "",
            "dhcp_options": [],
            "folder_id": "b1gch5k5t1moacc510m8",
            "id": "e9bpg72fm7g7b7vj7il6",
            "labels": {},
            "name": "bonanzza-net",
            "network_id": "enpigsbev5i9m9m22s5p",
            "route_table_id": "",
            "timeouts": null,
            "v4_cidr_blocks": [
              "10.0.3.0/24"
            ],
            "v6_cidr_blocks": [],
            "zone": "ru-central1-a"
          },
          "sensitive_attributes": [],
          "private": "eyJlMmJmYjczMC1lY2FhLTExZTYtOGY4OC0zNDM2M2JjN2M0YzAiOnsiY3JlYXRlIjoxODAwMDAwMDAwMDAsImRlbGV0ZSI6MTgwMDAwMDAwMDAwLCJ1cGRhdGUiOjE4MDAwMDAwMDAwMH19",
          "dependencies": [
            "yandex_vpc_network.bonanzza-net"
          ]
        }
      ]
    }
  ],
  "check_results": null
}
